
Microsoft Visual Studio Solution File, Format Version 12.00
# Visual Studio 15
VisualStudioVersion = 15.0.28307.960
MinimumVisualStudioVersion = 10.0.40219.1
Project("{FAE04EC0-301F-11D3-BF4B-00C04F79EFBC}") = "ButtonArray", "ButtonArray\ButtonArray.csproj", "{AE378C4D-7916-4505-9A63-BD4BB235BBDD}"
EndProject
Global
	GlobalSection(SolutionConfigurationPlatforms) = preSolution
		Debug|Any CPU = Debug|Any CPU
		Release|Any CPU = Release|Any CPU
	EndGlobalSection
	GlobalSection(ProjectConfigurationPlatforms) = postSolution
		{AE378C4D-7916-4505-9A63-BD4BB235BBDD}.Debug|Any CPU.ActiveCfg = Debug|Any CPU
		{AE378C4D-7916-4505-9A63-BD4BB235BBDD}.Debug|Any CPU.Build.0 = Debug|Any CPU
		{AE378C4D-7916-4505-9A63-BD4BB235BBDD}.Release|Any CPU.ActiveCfg = Release|Any CPU
		{AE378C4D-7916-4505-9A63-BD4BB235BBDD}.Release|Any CPU.Build.0 = Release|Any CPU
	EndGlobalSection
	GlobalSection(SolutionProperties) = preSolution
		HideSolutionNode = FALSE
	EndGlobalSection
	GlobalSection(ExtensibilityGlobals) = postSolution
		SolutionGuid = {4D2A01AB-813A-4AA9-B3DC-4AB2F500D4D1}
	EndGlobalSection
EndGlobal
